// !$*UTF8*$!
{
	archiveVersion = 1;
	classes = {
	};
	objectVersion = 54;
	objects = {

/* Begin PBXBuildFile section */
		00E356F31AD99517003FC87E /* MessengerTests.m in Sources */ = {isa = PBXBuildFile; fileRef = 00E356F21AD99517003FC87E /* MessengerTests.m */; };
		13B07FBC1A68108700A75B9A /* AppDelegate.m in Sources */ = {isa = PBXBuildFile; fileRef = 13B07FB01A68108700A75B9A /* AppDelegate.m */; };
		13B07FBF1A68108700A75B9A /* Images.xcassets in Resources */ = {isa = PBXBuildFile; fileRef = 13B07FB51A68108700A75B9A /* Images.xcassets */; };
		13B07FC11A68108700A75B9A /* main.m in Sources */ = {isa = PBXBuildFile; fileRef = 13B07FB71A68108700A75B9A /* main.m */; };
		81AB9BB82411601600AC10FF /* LaunchScreen.storyboard in Resources */ = {isa = PBXBuildFile; fileRef = 81AB9BB72411601600AC10FF /* LaunchScreen.storyboard */; };
		89FB8D1269D043A798B349B2 /* HKGrotesk-Black.ttf in Resources */ = {isa = PBXBuildFile; fileRef = 402AF90EF396415AAF48E3B7 /* HKGrotesk-Black.ttf */; };
		887B4AAF9411435F9B415CC4 /* HKGrotesk-Bold.ttf in Resources */ = {isa = PBXBuildFile; fileRef = 50E142AD0EF64FD38031E2B1 /* HKGrotesk-Bold.ttf */; };
		C439E7FE5A0249F6B490DAF1 /* HKGrotesk-BoldItalic.ttf in Resources */ = {isa = PBXBuildFile; fileRef = 5C50ED1A4E994BA9BFC30568 /* HKGrotesk-BoldItalic.ttf */; };
		4BE4C08ECFFA4330AD882B96 /* HKGrotesk-BoldLegacy.ttf in Resources */ = {isa = PBXBuildFile; fileRef = 67E6C7C9684045308BA549CA /* HKGrotesk-BoldLegacy.ttf */; };
		A99FB3D725A043DC92172F65 /* HKGrotesk-BoldLegacyItalic.ttf in Resources */ = {isa = PBXBuildFile; fileRef = 5056CBE9009B4297803B1C4D /* HKGrotesk-BoldLegacyItalic.ttf */; };
		B4E1EFC348EE41C8850E7657 /* HKGrotesk-ExtraBold.ttf in Resources */ = {isa = PBXBuildFile; fileRef = 15160A2043DF4FCBA5BD9E35 /* HKGrotesk-ExtraBold.ttf */; };
		C93D9799E4F64ED8946484BF /* HKGrotesk-Italic.ttf in Resources */ = {isa = PBXBuildFile; fileRef = A983FA6A63C44C3C85267EF5 /* HKGrotesk-Italic.ttf */; };
		DC5F6492356A424B857E3E17 /* HKGrotesk-LegacyItalic.ttf in Resources */ = {isa = PBXBuildFile; fileRef = DFF0D31FC9A54F0DBC072A1B /* HKGrotesk-LegacyItalic.ttf */; };
		44005180D7F14EE1A24342C2 /* HKGrotesk-Light.ttf in Resources */ = {isa = PBXBuildFile; fileRef = 507AED3E4AC247D7841E3FC4 /* HKGrotesk-Light.ttf */; };
		E28A64FF6D9E49F680977A01 /* HKGrotesk-LightItalic.ttf in Resources */ = {isa = PBXBuildFile; fileRef = E26D1FAE984E4893893AD7FD /* HKGrotesk-LightItalic.ttf */; };
		7A954BFE3EA14B85848152E0 /* HKGrotesk-LightLegacy.ttf in Resources */ = {isa = PBXBuildFile; fileRef = C581800DB8AE44CDB4BE5929 /* HKGrotesk-LightLegacy.ttf */; };
		67C471524778405AA87693E7 /* HKGrotesk-LightLegacyItalic.ttf in Resources */ = {isa = PBXBuildFile; fileRef = 3B4D5BEF15114EA9858CB6B0 /* HKGrotesk-LightLegacyItalic.ttf */; };
		F8432EEC48504B59AE326873 /* HKGrotesk-Medium.ttf in Resources */ = {isa = PBXBuildFile; fileRef = 24AE7FB7E7FE406D87C35880 /* HKGrotesk-Medium.ttf */; };
		FE1048C5106B48ADB6B8AA6B /* HKGrotesk-MediumItalic.ttf in Resources */ = {isa = PBXBuildFile; fileRef = 9E6C8EFFFCF842E9AF5AA761 /* HKGrotesk-MediumItalic.ttf */; };
		1B430ABC0E594F2F9C9AFDEA /* HKGrotesk-MediumLegacy.ttf in Resources */ = {isa = PBXBuildFile; fileRef = E76267B36956449AA5641F9E /* HKGrotesk-MediumLegacy.ttf */; };
		D24919D783D84C708DFDF322 /* HKGrotesk-MediumLegacyItalic.ttf in Resources */ = {isa = PBXBuildFile; fileRef = 22E766B07C2444208AF410AB /* HKGrotesk-MediumLegacyItalic.ttf */; };
		2713F892359542EC9681C2B4 /* HKGrotesk-Regular.ttf in Resources */ = {isa = PBXBuildFile; fileRef = 65BBF854408E429486827D82 /* HKGrotesk-Regular.ttf */; };
		7F90FB7FB8F545DA89260DD5 /* HKGrotesk-RegularLegacy.ttf in Resources */ = {isa = PBXBuildFile; fileRef = 3104A62F7BC14191934C531D /* HKGrotesk-RegularLegacy.ttf */; };
		2B55DF00A20E4E8693D343F3 /* HKGrotesk-SemiBold.ttf in Resources */ = {isa = PBXBuildFile; fileRef = 94E62641789E47F797927B51 /* HKGrotesk-SemiBold.ttf */; };
		86E985FE2212494F9EA0B3BB /* HKGrotesk-SemiBoldItalic.ttf in Resources */ = {isa = PBXBuildFile; fileRef = 933D6172093C482EB300BDB4 /* HKGrotesk-SemiBoldItalic.ttf */; };
		5F0E05C289534406A5F02353 /* HKGrotesk-SemiBoldLegacy.ttf in Resources */ = {isa = PBXBuildFile; fileRef = A69A0E82EFE64C83A9621E80 /* HKGrotesk-SemiBoldLegacy.ttf */; };
		D865716669D94301B32CDAAF /* HKGrotesk-SemiBoldLegacyItalic.ttf in Resources */ = {isa = PBXBuildFile; fileRef = 6301894467334095A865233A /* HKGrotesk-SemiBoldLegacyItalic.ttf */; };
		8339866A44E844EABDC09278 /* icomoon.ttf in Resources */ = {isa = PBXBuildFile; fileRef = 4D4F4DC4D8294813B6A7B056 /* icomoon.ttf */; };
/* End PBXBuildFile section */

/* Begin PBXContainerItemProxy section */
		00E356F41AD99517003FC87E /* PBXContainerItemProxy */ = {
			isa = PBXContainerItemProxy;
			containerPortal = 83CBB9F71A601CBA00E9B192 /* Project object */;
			proxyType = 1;
			remoteGlobalIDString = 13B07F861A680F5B00A75B9A;
			remoteInfo = Messenger;
		};
/* End PBXContainerItemProxy section */

/* Begin PBXFileReference section */
		00E356EE1AD99517003FC87E /* MessengerTests.xctest */ = {isa = PBXFileReference; explicitFileType = wrapper.cfbundle; includeInIndex = 0; path = MessengerTests.xctest; sourceTree = BUILT_PRODUCTS_DIR; };
		00E356F11AD99517003FC87E /* Info.plist */ = {isa = PBXFileReference; lastKnownFileType = text.plist.xml; path = Info.plist; sourceTree = "<group>"; };
		00E356F21AD99517003FC87E /* MessengerTests.m */ = {isa = PBXFileReference; lastKnownFileType = sourcecode.c.objc; path = MessengerTests.m; sourceTree = "<group>"; };
		13B07F961A680F5B00A75B9A /* Messenger.app */ = {isa = PBXFileReference; explicitFileType = wrapper.application; includeInIndex = 0; path = Messenger.app; sourceTree = BUILT_PRODUCTS_DIR; };
		13B07FAF1A68108700A75B9A /* AppDelegate.h */ = {isa = PBXFileReference; fileEncoding = 4; lastKnownFileType = sourcecode.c.h; name = AppDelegate.h; path = Messenger/AppDelegate.h; sourceTree = "<group>"; };
		13B07FB01A68108700A75B9A /* AppDelegate.m */ = {isa = PBXFileReference; fileEncoding = 4; lastKnownFileType = sourcecode.c.objc; name = AppDelegate.m; path = Messenger/AppDelegate.m; sourceTree = "<group>"; };
		13B07FB51A68108700A75B9A /* Images.xcassets */ = {isa = PBXFileReference; lastKnownFileType = folder.assetcatalog; name = Images.xcassets; path = Messenger/Images.xcassets; sourceTree = "<group>"; };
		13B07FB61A68108700A75B9A /* Info.plist */ = {isa = PBXFileReference; fileEncoding = 4; lastKnownFileType = text.plist.xml; name = Info.plist; path = Messenger/Info.plist; sourceTree = "<group>"; };
		13B07FB71A68108700A75B9A /* main.m */ = {isa = PBXFileReference; fileEncoding = 4; lastKnownFileType = sourcecode.c.objc; name = main.m; path = Messenger/main.m; sourceTree = "<group>"; };
		81AB9BB72411601600AC10FF /* LaunchScreen.storyboard */ = {isa = PBXFileReference; fileEncoding = 4; lastKnownFileType = file.storyboard; name = LaunchScreen.storyboard; path = Messenger/LaunchScreen.storyboard; sourceTree = "<group>"; };
		ED297162215061F000B7C4FE /* JavaScriptCore.framework */ = {isa = PBXFileReference; lastKnownFileType = wrapper.framework; name = JavaScriptCore.framework; path = System/Library/Frameworks/JavaScriptCore.framework; sourceTree = SDKROOT; };
		402AF90EF396415AAF48E3B7 /* HKGrotesk-Black.ttf */ = {isa = PBXFileReference; name = "HKGrotesk-Black.ttf"; path = "../src/assets/fonts/HK_GROTESK/HKGrotesk-Black.ttf"; sourceTree = "<group>"; fileEncoding = undefined; lastKnownFileType = unknown; explicitFileType = undefined; includeInIndex = 0; };
		50E142AD0EF64FD38031E2B1 /* HKGrotesk-Bold.ttf */ = {isa = PBXFileReference; name = "HKGrotesk-Bold.ttf"; path = "../src/assets/fonts/HK_GROTESK/HKGrotesk-Bold.ttf"; sourceTree = "<group>"; fileEncoding = undefined; lastKnownFileType = unknown; explicitFileType = undefined; includeInIndex = 0; };
		5C50ED1A4E994BA9BFC30568 /* HKGrotesk-BoldItalic.ttf */ = {isa = PBXFileReference; name = "HKGrotesk-BoldItalic.ttf"; path = "../src/assets/fonts/HK_GROTESK/HKGrotesk-BoldItalic.ttf"; sourceTree = "<group>"; fileEncoding = undefined; lastKnownFileType = unknown; explicitFileType = undefined; includeInIndex = 0; };
		67E6C7C9684045308BA549CA /* HKGrotesk-BoldLegacy.ttf */ = {isa = PBXFileReference; name = "HKGrotesk-BoldLegacy.ttf"; path = "../src/assets/fonts/HK_GROTESK/HKGrotesk-BoldLegacy.ttf"; sourceTree = "<group>"; fileEncoding = undefined; lastKnownFileType = unknown; explicitFileType = undefined; includeInIndex = 0; };
		5056CBE9009B4297803B1C4D /* HKGrotesk-BoldLegacyItalic.ttf */ = {isa = PBXFileReference; name = "HKGrotesk-BoldLegacyItalic.ttf"; path = "../src/assets/fonts/HK_GROTESK/HKGrotesk-BoldLegacyItalic.ttf"; sourceTree = "<group>"; fileEncoding = undefined; lastKnownFileType = unknown; explicitFileType = undefined; includeInIndex = 0; };
		15160A2043DF4FCBA5BD9E35 /* HKGrotesk-ExtraBold.ttf */ = {isa = PBXFileReference; name = "HKGrotesk-ExtraBold.ttf"; path = "../src/assets/fonts/HK_GROTESK/HKGrotesk-ExtraBold.ttf"; sourceTree = "<group>"; fileEncoding = undefined; lastKnownFileType = unknown; explicitFileType = undefined; includeInIndex = 0; };
		A983FA6A63C44C3C85267EF5 /* HKGrotesk-Italic.ttf */ = {isa = PBXFileReference; name = "HKGrotesk-Italic.ttf"; path = "../src/assets/fonts/HK_GROTESK/HKGrotesk-Italic.ttf"; sourceTree = "<group>"; fileEncoding = undefined; lastKnownFileType = unknown; explicitFileType = undefined; includeInIndex = 0; };
		DFF0D31FC9A54F0DBC072A1B /* HKGrotesk-LegacyItalic.ttf */ = {isa = PBXFileReference; name = "HKGrotesk-LegacyItalic.ttf"; path = "../src/assets/fonts/HK_GROTESK/HKGrotesk-LegacyItalic.ttf"; sourceTree = "<group>"; fileEncoding = undefined; lastKnownFileType = unknown; explicitFileType = undefined; includeInIndex = 0; };
		507AED3E4AC247D7841E3FC4 /* HKGrotesk-Light.ttf */ = {isa = PBXFileReference; name = "HKGrotesk-Light.ttf"; path = "../src/assets/fonts/HK_GROTESK/HKGrotesk-Light.ttf"; sourceTree = "<group>"; fileEncoding = undefined; lastKnownFileType = unknown; explicitFileType = undefined; includeInIndex = 0; };
		E26D1FAE984E4893893AD7FD /* HKGrotesk-LightItalic.ttf */ = {isa = PBXFileReference; name = "HKGrotesk-LightItalic.ttf"; path = "../src/assets/fonts/HK_GROTESK/HKGrotesk-LightItalic.ttf"; sourceTree = "<group>"; fileEncoding = undefined; lastKnownFileType = unknown; explicitFileType = undefined; includeInIndex = 0; };
		C581800DB8AE44CDB4BE5929 /* HKGrotesk-LightLegacy.ttf */ = {isa = PBXFileReference; name = "HKGrotesk-LightLegacy.ttf"; path = "../src/assets/fonts/HK_GROTESK/HKGrotesk-LightLegacy.ttf"; sourceTree = "<group>"; fileEncoding = undefined; lastKnownFileType = unknown; explicitFileType = undefined; includeInIndex = 0; };
		3B4D5BEF15114EA9858CB6B0 /* HKGrotesk-LightLegacyItalic.ttf */ = {isa = PBXFileReference; name = "HKGrotesk-LightLegacyItalic.ttf"; path = "../src/assets/fonts/HK_GROTESK/HKGrotesk-LightLegacyItalic.ttf"; sourceTree = "<group>"; fileEncoding = undefined; lastKnownFileType = unknown; explicitFileType = undefined; includeInIndex = 0; };
		24AE7FB7E7FE406D87C35880 /* HKGrotesk-Medium.ttf */ = {isa = PBXFileReference; name = "HKGrotesk-Medium.ttf"; path = "../src/assets/fonts/HK_GROTESK/HKGrotesk-Medium.ttf"; sourceTree = "<group>"; fileEncoding = undefined; lastKnownFileType = unknown; explicitFileType = undefined; includeInIndex = 0; };
		9E6C8EFFFCF842E9AF5AA761 /* HKGrotesk-MediumItalic.ttf */ = {isa = PBXFileReference; name = "HKGrotesk-MediumItalic.ttf"; path = "../src/assets/fonts/HK_GROTESK/HKGrotesk-MediumItalic.ttf"; sourceTree = "<group>"; fileEncoding = undefined; lastKnownFileType = unknown; explicitFileType = undefined; includeInIndex = 0; };
		E76267B36956449AA5641F9E /* HKGrotesk-MediumLegacy.ttf */ = {isa = PBXFileReference; name = "HKGrotesk-MediumLegacy.ttf"; path = "../src/assets/fonts/HK_GROTESK/HKGrotesk-MediumLegacy.ttf"; sourceTree = "<group>"; fileEncoding = undefined; lastKnownFileType = unknown; explicitFileType = undefined; includeInIndex = 0; };
		22E766B07C2444208AF410AB /* HKGrotesk-MediumLegacyItalic.ttf */ = {isa = PBXFileReference; name = "HKGrotesk-MediumLegacyItalic.ttf"; path = "../src/assets/fonts/HK_GROTESK/HKGrotesk-MediumLegacyItalic.ttf"; sourceTree = "<group>"; fileEncoding = undefined; lastKnownFileType = unknown; explicitFileType = undefined; includeInIndex = 0; };
		65BBF854408E429486827D82 /* HKGrotesk-Regular.ttf */ = {isa = PBXFileReference; name = "HKGrotesk-Regular.ttf"; path = "../src/assets/fonts/HK_GROTESK/HKGrotesk-Regular.ttf"; sourceTree = "<group>"; fileEncoding = undefined; lastKnownFileType = unknown; explicitFileType = undefined; includeInIndex = 0; };
		3104A62F7BC14191934C531D /* HKGrotesk-RegularLegacy.ttf */ = {isa = PBXFileReference; name = "HKGrotesk-RegularLegacy.ttf"; path = "../src/assets/fonts/HK_GROTESK/HKGrotesk-RegularLegacy.ttf"; sourceTree = "<group>"; fileEncoding = undefined; lastKnownFileType = unknown; explicitFileType = undefined; includeInIndex = 0; };
		94E62641789E47F797927B51 /* HKGrotesk-SemiBold.ttf */ = {isa = PBXFileReference; name = "HKGrotesk-SemiBold.ttf"; path = "../src/assets/fonts/HK_GROTESK/HKGrotesk-SemiBold.ttf"; sourceTree = "<group>"; fileEncoding = undefined; lastKnownFileType = unknown; explicitFileType = undefined; includeInIndex = 0; };
		933D6172093C482EB300BDB4 /* HKGrotesk-SemiBoldItalic.ttf */ = {isa = PBXFileReference; name = "HKGrotesk-SemiBoldItalic.ttf"; path = "../src/assets/fonts/HK_GROTESK/HKGrotesk-SemiBoldItalic.ttf"; sourceTree = "<group>"; fileEncoding = undefined; lastKnownFileType = unknown; explicitFileType = undefined; includeInIndex = 0; };
		A69A0E82EFE64C83A9621E80 /* HKGrotesk-SemiBoldLegacy.ttf */ = {isa = PBXFileReference; name = "HKGrotesk-SemiBoldLegacy.ttf"; path = "../src/assets/fonts/HK_GROTESK/HKGrotesk-SemiBoldLegacy.ttf"; sourceTree = "<group>"; fileEncoding = undefined; lastKnownFileType = unknown; explicitFileType = undefined; includeInIndex = 0; };
		6301894467334095A865233A /* HKGrotesk-SemiBoldLegacyItalic.ttf */ = {isa = PBXFileReference; name = "HKGrotesk-SemiBoldLegacyItalic.ttf"; path = "../src/assets/fonts/HK_GROTESK/HKGrotesk-SemiBoldLegacyItalic.ttf"; sourceTree = "<group>"; fileEncoding = undefined; lastKnownFileType = unknown; explicitFileType = undefined; includeInIndex = 0; };
		4D4F4DC4D8294813B6A7B056 /* icomoon.ttf */ = {isa = PBXFileReference; name = "icomoon.ttf"; path = "../src/assets/fonts/ICON/icomoon.ttf"; sourceTree = "<group>"; fileEncoding = undefined; lastKnownFileType = unknown; explicitFileType = undefined; includeInIndex = 0; };
/* End PBXFileReference section */

/* Begin PBXFrameworksBuildPhase section */
		00E356EB1AD99517003FC87E /* Frameworks */ = {
			isa = PBXFrameworksBuildPhase;
			buildActionMask = 2147483647;
			files = (
			);
			runOnlyForDeploymentPostprocessing = 0;
		};
		13B07F8C1A680F5B00A75B9A /* Frameworks */ = {
			isa = PBXFrameworksBuildPhase;
			buildActionMask = 2147483647;
			files = (
			);
			runOnlyForDeploymentPostprocessing = 0;
		};
/* End PBXFrameworksBuildPhase section */

/* Begin PBXGroup section */
		00E356EF1AD99517003FC87E /* MessengerTests */ = {
			isa = PBXGroup;
			children = (
				00E356F21AD99517003FC87E /* MessengerTests.m */,
				00E356F01AD99517003FC87E /* Supporting Files */,
			);
			path = MessengerTests;
			sourceTree = "<group>";
		};
		00E356F01AD99517003FC87E /* Supporting Files */ = {
			isa = PBXGroup;
			children = (
				00E356F11AD99517003FC87E /* Info.plist */,
			);
			name = "Supporting Files";
			sourceTree = "<group>";
		};
		13B07FAE1A68108700A75B9A /* Messenger */ = {
			isa = PBXGroup;
			children = (
				13B07FAF1A68108700A75B9A /* AppDelegate.h */,
				13B07FB01A68108700A75B9A /* AppDelegate.m */,
				13B07FB51A68108700A75B9A /* Images.xcassets */,
				13B07FB61A68108700A75B9A /* Info.plist */,
				81AB9BB72411601600AC10FF /* LaunchScreen.storyboard */,
				13B07FB71A68108700A75B9A /* main.m */,
			);
			name = Messenger;
			sourceTree = "<group>";
		};
		2D16E6871FA4F8E400B85C8A /* Frameworks */ = {
			isa = PBXGroup;
			children = (
				ED297162215061F000B7C4FE /* JavaScriptCore.framework */,
			);
			name = Frameworks;
			sourceTree = "<group>";
		};
		832341AE1AAA6A7D00B99B32 /* Libraries */ = {
			isa = PBXGroup;
			children = (
			);
			name = Libraries;
			sourceTree = "<group>";
		};
		83CBB9F61A601CBA00E9B192 = {
			isa = PBXGroup;
			children = (
				13B07FAE1A68108700A75B9A /* Messenger */,
				832341AE1AAA6A7D00B99B32 /* Libraries */,
				00E356EF1AD99517003FC87E /* MessengerTests */,
				83CBBA001A601CBA00E9B192 /* Products */,
				2D16E6871FA4F8E400B85C8A /* Frameworks */,
				F08B8AF1DF324CA19AFE1F4E /* Resources */,
			);
			indentWidth = 2;
			sourceTree = "<group>";
			tabWidth = 2;
			usesTabs = 0;
		};
		83CBBA001A601CBA00E9B192 /* Products */ = {
			isa = PBXGroup;
			children = (
				13B07F961A680F5B00A75B9A /* Messenger.app */,
				00E356EE1AD99517003FC87E /* MessengerTests.xctest */,
			);
			name = Products;
			sourceTree = "<group>";
		};
		F08B8AF1DF324CA19AFE1F4E /* Resources */ = {
			isa = "PBXGroup";
			children = (
				402AF90EF396415AAF48E3B7 /* HKGrotesk-Black.ttf */,
				50E142AD0EF64FD38031E2B1 /* HKGrotesk-Bold.ttf */,
				5C50ED1A4E994BA9BFC30568 /* HKGrotesk-BoldItalic.ttf */,
				67E6C7C9684045308BA549CA /* HKGrotesk-BoldLegacy.ttf */,
				5056CBE9009B4297803B1C4D /* HKGrotesk-BoldLegacyItalic.ttf */,
				15160A2043DF4FCBA5BD9E35 /* HKGrotesk-ExtraBold.ttf */,
				A983FA6A63C44C3C85267EF5 /* HKGrotesk-Italic.ttf */,
				DFF0D31FC9A54F0DBC072A1B /* HKGrotesk-LegacyItalic.ttf */,
				507AED3E4AC247D7841E3FC4 /* HKGrotesk-Light.ttf */,
				E26D1FAE984E4893893AD7FD /* HKGrotesk-LightItalic.ttf */,
				C581800DB8AE44CDB4BE5929 /* HKGrotesk-LightLegacy.ttf */,
				3B4D5BEF15114EA9858CB6B0 /* HKGrotesk-LightLegacyItalic.ttf */,
				24AE7FB7E7FE406D87C35880 /* HKGrotesk-Medium.ttf */,
				9E6C8EFFFCF842E9AF5AA761 /* HKGrotesk-MediumItalic.ttf */,
				E76267B36956449AA5641F9E /* HKGrotesk-MediumLegacy.ttf */,
				22E766B07C2444208AF410AB /* HKGrotesk-MediumLegacyItalic.ttf */,
				65BBF854408E429486827D82 /* HKGrotesk-Regular.ttf */,
				3104A62F7BC14191934C531D /* HKGrotesk-RegularLegacy.ttf */,
				94E62641789E47F797927B51 /* HKGrotesk-SemiBold.ttf */,
				933D6172093C482EB300BDB4 /* HKGrotesk-SemiBoldItalic.ttf */,
				A69A0E82EFE64C83A9621E80 /* HKGrotesk-SemiBoldLegacy.ttf */,
				6301894467334095A865233A /* HKGrotesk-SemiBoldLegacyItalic.ttf */,
				4D4F4DC4D8294813B6A7B056 /* icomoon.ttf */,
			);
			name = Resources;
			sourceTree = "<group>";
			path = "";
		};
/* End PBXGroup section */

/* Begin PBXNativeTarget section */
		00E356ED1AD99517003FC87E /* MessengerTests */ = {
			isa = PBXNativeTarget;
			buildConfigurationList = 00E357021AD99517003FC87E /* Build configuration list for PBXNativeTarget "MessengerTests" */;
			buildPhases = (
				00E356EA1AD99517003FC87E /* Sources */,
				00E356EB1AD99517003FC87E /* Frameworks */,
				00E356EC1AD99517003FC87E /* Resources */,
			);
			buildRules = (
			);
			dependencies = (
				00E356F51AD99517003FC87E /* PBXTargetDependency */,
			);
			name = MessengerTests;
			productName = MessengerTests;
			productReference = 00E356EE1AD99517003FC87E /* MessengerTests.xctest */;
			productType = "com.apple.product-type.bundle.unit-test";
		};
		13B07F861A680F5B00A75B9A /* Messenger */ = {
			isa = PBXNativeTarget;
			buildConfigurationList = 13B07F931A680F5B00A75B9A /* Build configuration list for PBXNativeTarget "Messenger" */;
			buildPhases = (
				FD10A7F022414F080027D42C /* Start Packager */,
				13B07F871A680F5B00A75B9A /* Sources */,
				13B07F8C1A680F5B00A75B9A /* Frameworks */,
				13B07F8E1A680F5B00A75B9A /* Resources */,
				00DD1BFF1BD5951E006B06BC /* Bundle React Native code and images */,
			);
			buildRules = (
			);
			dependencies = (
			);
			name = Messenger;
			productName = Messenger;
			productReference = 13B07F961A680F5B00A75B9A /* Messenger.app */;
			productType = "com.apple.product-type.application";
		};
/* End PBXNativeTarget section */

/* Begin PBXProject section */
		83CBB9F71A601CBA00E9B192 /* Project object */ = {
			isa = PBXProject;
			attributes = {
				LastUpgradeCheck = 1210;
				TargetAttributes = {
					00E356ED1AD99517003FC87E = {
						CreatedOnToolsVersion = 6.2;
						TestTargetID = 13B07F861A680F5B00A75B9A;
					};
					13B07F861A680F5B00A75B9A = {
						LastSwiftMigration = 1120;
					};
				};
			};
			buildConfigurationList = 83CBB9FA1A601CBA00E9B192 /* Build configuration list for PBXProject "Messenger" */;
			compatibilityVersion = "Xcode 12.0";
			developmentRegion = en;
			hasScannedForEncodings = 0;
			knownRegions = (
				en,
				Base,
			);
			mainGroup = 83CBB9F61A601CBA00E9B192;
			productRefGroup = 83CBBA001A601CBA00E9B192 /* Products */;
			projectDirPath = "";
			projectRoot = "";
			targets = (
				13B07F861A680F5B00A75B9A /* Messenger */,
				00E356ED1AD99517003FC87E /* MessengerTests */,
			);
		};
/* End PBXProject section */

/* Begin PBXResourcesBuildPhase section */
		00E356EC1AD99517003FC87E /* Resources */ = {
			isa = PBXResourcesBuildPhase;
			buildActionMask = 2147483647;
			files = (
			);
			runOnlyForDeploymentPostprocessing = 0;
		};
		13B07F8E1A680F5B00A75B9A /* Resources */ = {
			isa = PBXResourcesBuildPhase;
			buildActionMask = 2147483647;
			files = (
				81AB9BB82411601600AC10FF /* LaunchScreen.storyboard in Resources */,
				13B07FBF1A68108700A75B9A /* Images.xcassets in Resources */,
				89FB8D1269D043A798B349B2 /* HKGrotesk-Black.ttf in Resources */,
				887B4AAF9411435F9B415CC4 /* HKGrotesk-Bold.ttf in Resources */,
				C439E7FE5A0249F6B490DAF1 /* HKGrotesk-BoldItalic.ttf in Resources */,
				4BE4C08ECFFA4330AD882B96 /* HKGrotesk-BoldLegacy.ttf in Resources */,
				A99FB3D725A043DC92172F65 /* HKGrotesk-BoldLegacyItalic.ttf in Resources */,
				B4E1EFC348EE41C8850E7657 /* HKGrotesk-ExtraBold.ttf in Resources */,
				C93D9799E4F64ED8946484BF /* HKGrotesk-Italic.ttf in Resources */,
				DC5F6492356A424B857E3E17 /* HKGrotesk-LegacyItalic.ttf in Resources */,
				44005180D7F14EE1A24342C2 /* HKGrotesk-Light.ttf in Resources */,
				E28A64FF6D9E49F680977A01 /* HKGrotesk-LightItalic.ttf in Resources */,
				7A954BFE3EA14B85848152E0 /* HKGrotesk-LightLegacy.ttf in Resources */,
				67C471524778405AA87693E7 /* HKGrotesk-LightLegacyItalic.ttf in Resources */,
				F8432EEC48504B59AE326873 /* HKGrotesk-Medium.ttf in Resources */,
				FE1048C5106B48ADB6B8AA6B /* HKGrotesk-MediumItalic.ttf in Resources */,
				1B430ABC0E594F2F9C9AFDEA /* HKGrotesk-MediumLegacy.ttf in Resources */,
				D24919D783D84C708DFDF322 /* HKGrotesk-MediumLegacyItalic.ttf in Resources */,
				2713F892359542EC9681C2B4 /* HKGrotesk-Regular.ttf in Resources */,
				7F90FB7FB8F545DA89260DD5 /* HKGrotesk-RegularLegacy.ttf in Resources */,
				2B55DF00A20E4E8693D343F3 /* HKGrotesk-SemiBold.ttf in Resources */,
				86E985FE2212494F9EA0B3BB /* HKGrotesk-SemiBoldItalic.ttf in Resources */,
				5F0E05C289534406A5F02353 /* HKGrotesk-SemiBoldLegacy.ttf in Resources */,
				D865716669D94301B32CDAAF /* HKGrotesk-SemiBoldLegacyItalic.ttf in Resources */,
				8339866A44E844EABDC09278 /* icomoon.ttf in Resources */,
			);
			runOnlyForDeploymentPostprocessing = 0;
		};
/* End PBXResourcesBuildPhase section */

/* Begin PBXShellScriptBuildPhase section */
		00DD1BFF1BD5951E006B06BC /* Bundle React Native code and images */ = {
			isa = PBXShellScriptBuildPhase;
			buildActionMask = 2147483647;
			files = (
			);
			inputPaths = (
			);
			name = "Bundle React Native code and images";
			outputPaths = (
			);
			runOnlyForDeploymentPostprocessing = 0;
			shellPath = /bin/sh;
			shellScript = "set -e\n\nexport NODE_BINARY=node\n../node_modules/react-native/scripts/react-native-xcode.sh\n";
		};
		FD10A7F022414F080027D42C /* Start Packager */ = {
			isa = PBXShellScriptBuildPhase;
			buildActionMask = 2147483647;
			files = (
			);
			inputFileListPaths = (
			);
			inputPaths = (
			);
			name = "Start Packager";
			outputFileListPaths = (
			);
			outputPaths = (
			);
			runOnlyForDeploymentPostprocessing = 0;
			shellPath = /bin/sh;
			shellScript = "export RCT_METRO_PORT=\"${RCT_METRO_PORT:=8081}\"\necho \"export RCT_METRO_PORT=${RCT_METRO_PORT}\" > \"${SRCROOT}/../node_modules/react-native/scripts/.packager.env\"\nif [ -z \"${RCT_NO_LAUNCH_PACKAGER+xxx}\" ] ; then\n  if nc -w 5 -z localhost ${RCT_METRO_PORT} ; then\n    if ! curl -s \"http://localhost:${RCT_METRO_PORT}/status\" | grep -q \"packager-status:running\" ; then\n      echo \"Port ${RCT_METRO_PORT} already in use, packager is either not running or not running correctly\"\n      exit 2\n    fi\n  else\n    open \"$SRCROOT/../node_modules/react-native/scripts/launchPackager.command\" || echo \"Can't start packager automatically\"\n  fi\nfi\n";
			showEnvVarsInLog = 0;
		};
/* End PBXShellScriptBuildPhase section */

/* Begin PBXSourcesBuildPhase section */
		00E356EA1AD99517003FC87E /* Sources */ = {
			isa = PBXSourcesBuildPhase;
			buildActionMask = 2147483647;
			files = (
				00E356F31AD99517003FC87E /* MessengerTests.m in Sources */,
			);
			runOnlyForDeploymentPostprocessing = 0;
		};
		13B07F871A680F5B00A75B9A /* Sources */ = {
			isa = PBXSourcesBuildPhase;
			buildActionMask = 2147483647;
			files = (
				13B07FBC1A68108700A75B9A /* AppDelegate.m in Sources */,
				13B07FC11A68108700A75B9A /* main.m in Sources */,
			);
			runOnlyForDeploymentPostprocessing = 0;
		};
/* End PBXSourcesBuildPhase section */

/* Begin PBXTargetDependency section */
		00E356F51AD99517003FC87E /* PBXTargetDependency */ = {
			isa = PBXTargetDependency;
			target = 13B07F861A680F5B00A75B9A /* Messenger */;
			targetProxy = 00E356F41AD99517003FC87E /* PBXContainerItemProxy */;
		};
/* End PBXTargetDependency section */

/* Begin XCBuildConfiguration section */
		00E356F61AD99517003FC87E /* Debug */ = {
			isa = XCBuildConfiguration;
			buildSettings = {
				BUNDLE_LOADER = "$(TEST_HOST)";
				GCC_PREPROCESSOR_DEFINITIONS = (
					"DEBUG=1",
					"$(inherited)",
				);
				INFOPLIST_FILE = MessengerTests/Info.plist;
				IPHONEOS_DEPLOYMENT_TARGET = 11.0;
				LD_RUNPATH_SEARCH_PATHS = (
					"$(inherited)",
					"@executable_path/Frameworks",
					"@loader_path/Frameworks",
				);
				OTHER_LDFLAGS = (
					"-ObjC",
					"-lc++",
					"$(inherited)",
				);
				PRODUCT_BUNDLE_IDENTIFIER = "org.reactjs.native.example.$(PRODUCT_NAME:rfc1034identifier)";
				PRODUCT_NAME = "$(TARGET_NAME)";
				TEST_HOST = "$(BUILT_PRODUCTS_DIR)/Messenger.app/Messenger";
			};
			name = Debug;
		};
		00E356F71AD99517003FC87E /* Release */ = {
			isa = XCBuildConfiguration;
			buildSettings = {
				BUNDLE_LOADER = "$(TEST_HOST)";
				COPY_PHASE_STRIP = NO;
				INFOPLIST_FILE = MessengerTests/Info.plist;
				IPHONEOS_DEPLOYMENT_TARGET = 11.0;
				LD_RUNPATH_SEARCH_PATHS = (
					"$(inherited)",
					"@executable_path/Frameworks",
					"@loader_path/Frameworks",
				);
				OTHER_LDFLAGS = (
					"-ObjC",
					"-lc++",
					"$(inherited)",
				);
				PRODUCT_BUNDLE_IDENTIFIER = "org.reactjs.native.example.$(PRODUCT_NAME:rfc1034identifier)";
				PRODUCT_NAME = "$(TARGET_NAME)";
				TEST_HOST = "$(BUILT_PRODUCTS_DIR)/Messenger.app/Messenger";
			};
			name = Release;
		};
		13B07F941A680F5B00A75B9A /* Debug */ = {
			isa = XCBuildConfiguration;
			buildSettings = {
				ASSETCATALOG_COMPILER_APPICON_NAME = AppIcon;
				CLANG_ENABLE_MODULES = YES;
				CURRENT_PROJECT_VERSION = 1;
				ENABLE_BITCODE = NO;
				INFOPLIST_FILE = Messenger/Info.plist;
				LD_RUNPATH_SEARCH_PATHS = (
					"$(inherited)",
					"@executable_path/Frameworks",
				);
				OTHER_LDFLAGS = (
					"$(inherited)",
					"-ObjC",
					"-lc++",
				);
				PRODUCT_BUNDLE_IDENTIFIER = "org.reactjs.native.example.$(PRODUCT_NAME:rfc1034identifier)";
				PRODUCT_NAME = Messenger;
				SWIFT_OPTIMIZATION_LEVEL = "-Onone";
				SWIFT_VERSION = 5.0;
				VERSIONING_SYSTEM = "apple-generic";
			};
			name = Debug;
		};
		13B07F951A680F5B00A75B9A /* Release */ = {
			isa = XCBuildConfiguration;
			buildSettings = {
				ASSETCATALOG_COMPILER_APPICON_NAME = AppIcon;
				CLANG_ENABLE_MODULES = YES;
				CURRENT_PROJECT_VERSION = 1;
				INFOPLIST_FILE = Messenger/Info.plist;
				LD_RUNPATH_SEARCH_PATHS = (
					"$(inherited)",
					"@executable_path/Frameworks",
				);
				OTHER_LDFLAGS = (
					"$(inherited)",
					"-ObjC",
					"-lc++",
				);
				PRODUCT_BUNDLE_IDENTIFIER = "org.reactjs.native.example.$(PRODUCT_NAME:rfc1034identifier)";
				PRODUCT_NAME = Messenger;
				SWIFT_VERSION = 5.0;
				VERSIONING_SYSTEM = "apple-generic";
			};
			name = Release;
		};
		83CBBA201A601CBA00E9B192 /* Debug */ = {
			isa = XCBuildConfiguration;
			buildSettings = {
				ALWAYS_SEARCH_USER_PATHS = NO;
				CLANG_ANALYZER_LOCALIZABILITY_NONLOCALIZED = YES;
				CLANG_CXX_LANGUAGE_STANDARD = "gnu++0x";
				CLANG_CXX_LIBRARY = "libc++";
				CLANG_ENABLE_MODULES = YES;
				CLANG_ENABLE_OBJC_ARC = YES;
				CLANG_WARN_BLOCK_CAPTURE_AUTORELEASING = YES;
				CLANG_WARN_BOOL_CONVERSION = YES;
				CLANG_WARN_COMMA = YES;
				CLANG_WARN_CONSTANT_CONVERSION = YES;
				CLANG_WARN_DEPRECATED_OBJC_IMPLEMENTATIONS = YES;
				CLANG_WARN_DIRECT_OBJC_ISA_USAGE = YES_ERROR;
				CLANG_WARN_EMPTY_BODY = YES;
				CLANG_WARN_ENUM_CONVERSION = YES;
				CLANG_WARN_INFINITE_RECURSION = YES;
				CLANG_WARN_INT_CONVERSION = YES;
				CLANG_WARN_NON_LITERAL_NULL_CONVERSION = YES;
				CLANG_WARN_OBJC_IMPLICIT_RETAIN_SELF = YES;
				CLANG_WARN_OBJC_LITERAL_CONVERSION = YES;
				CLANG_WARN_OBJC_ROOT_CLASS = YES_ERROR;
				CLANG_WARN_QUOTED_INCLUDE_IN_FRAMEWORK_HEADER = YES;
				CLANG_WARN_RANGE_LOOP_ANALYSIS = YES;
				CLANG_WARN_STRICT_PROTOTYPES = YES;
				CLANG_WARN_SUSPICIOUS_MOVE = YES;
				CLANG_WARN_UNREACHABLE_CODE = YES;
				CLANG_WARN__DUPLICATE_METHOD_MATCH = YES;
				"CODE_SIGN_IDENTITY[sdk=iphoneos*]" = "iPhone Developer";
				COPY_PHASE_STRIP = NO;
				ENABLE_STRICT_OBJC_MSGSEND = YES;
				ENABLE_TESTABILITY = YES;
				GCC_C_LANGUAGE_STANDARD = gnu99;
				GCC_DYNAMIC_NO_PIC = NO;
				GCC_NO_COMMON_BLOCKS = YES;
				GCC_OPTIMIZATION_LEVEL = 0;
				GCC_PREPROCESSOR_DEFINITIONS = (
					"DEBUG=1",
					"$(inherited)",
				);
				GCC_SYMBOLS_PRIVATE_EXTERN = NO;
				GCC_WARN_64_TO_32_BIT_CONVERSION = YES;
				GCC_WARN_ABOUT_RETURN_TYPE = YES_ERROR;
				GCC_WARN_UNDECLARED_SELECTOR = YES;
				GCC_WARN_UNINITIALIZED_AUTOS = YES_AGGRESSIVE;
				GCC_WARN_UNUSED_FUNCTION = YES;
				GCC_WARN_UNUSED_VARIABLE = YES;
				IPHONEOS_DEPLOYMENT_TARGET = 11.0;
				LD_RUNPATH_SEARCH_PATHS = (
					/usr/lib/swift,
					"$(inherited)",
				);
				LIBRARY_SEARCH_PATHS = (
					"\"$(SDKROOT)/usr/lib/swift\"",
					"\"$(TOOLCHAIN_DIR)/usr/lib/swift/$(PLATFORM_NAME)\"",
					"\"$(TOOLCHAIN_DIR)/usr/lib/swift-5.0/$(PLATFORM_NAME)\"",
					"\"$(inherited)\"",
				);
				MTL_ENABLE_DEBUG_INFO = YES;
				ONLY_ACTIVE_ARCH = YES;
				SDKROOT = iphoneos;
			};
			name = Debug;
		};
		83CBBA211A601CBA00E9B192 /* Release */ = {
			isa = XCBuildConfiguration;
			buildSettings = {
				ALWAYS_SEARCH_USER_PATHS = NO;
				CLANG_ANALYZER_LOCALIZABILITY_NONLOCALIZED = YES;
				CLANG_CXX_LANGUAGE_STANDARD = "gnu++0x";
				CLANG_CXX_LIBRARY = "libc++";
				CLANG_ENABLE_MODULES = YES;
				CLANG_ENABLE_OBJC_ARC = YES;
				CLANG_WARN_BLOCK_CAPTURE_AUTORELEASING = YES;
				CLANG_WARN_BOOL_CONVERSION = YES;
				CLANG_WARN_COMMA = YES;
				CLANG_WARN_CONSTANT_CONVERSION = YES;
				CLANG_WARN_DEPRECATED_OBJC_IMPLEMENTATIONS = YES;
				CLANG_WARN_DIRECT_OBJC_ISA_USAGE = YES_ERROR;
				CLANG_WARN_EMPTY_BODY = YES;
				CLANG_WARN_ENUM_CONVERSION = YES;
				CLANG_WARN_INFINITE_RECURSION = YES;
				CLANG_WARN_INT_CONVERSION = YES;
				CLANG_WARN_NON_LITERAL_NULL_CONVERSION = YES;
				CLANG_WARN_OBJC_IMPLICIT_RETAIN_SELF = YES;
				CLANG_WARN_OBJC_LITERAL_CONVERSION = YES;
				CLANG_WARN_OBJC_ROOT_CLASS = YES_ERROR;
				CLANG_WARN_QUOTED_INCLUDE_IN_FRAMEWORK_HEADER = YES;
				CLANG_WARN_RANGE_LOOP_ANALYSIS = YES;
				CLANG_WARN_STRICT_PROTOTYPES = YES;
				CLANG_WARN_SUSPICIOUS_MOVE = YES;
				CLANG_WARN_UNREACHABLE_CODE = YES;
				CLANG_WARN__DUPLICATE_METHOD_MATCH = YES;
				"CODE_SIGN_IDENTITY[sdk=iphoneos*]" = "iPhone Developer";
				COPY_PHASE_STRIP = YES;
				ENABLE_NS_ASSERTIONS = NO;
				ENABLE_STRICT_OBJC_MSGSEND = YES;
				GCC_C_LANGUAGE_STANDARD = gnu99;
				GCC_NO_COMMON_BLOCKS = YES;
				GCC_WARN_64_TO_32_BIT_CONVERSION = YES;
				GCC_WARN_ABOUT_RETURN_TYPE = YES_ERROR;
				GCC_WARN_UNDECLARED_SELECTOR = YES;
				GCC_WARN_UNINITIALIZED_AUTOS = YES_AGGRESSIVE;
				GCC_WARN_UNUSED_FUNCTION = YES;
				GCC_WARN_UNUSED_VARIABLE = YES;
				IPHONEOS_DEPLOYMENT_TARGET = 11.0;
				LD_RUNPATH_SEARCH_PATHS = (
					/usr/lib/swift,
					"$(inherited)",
				);
				LIBRARY_SEARCH_PATHS = (
					"\"$(SDKROOT)/usr/lib/swift\"",
					"\"$(TOOLCHAIN_DIR)/usr/lib/swift/$(PLATFORM_NAME)\"",
					"\"$(TOOLCHAIN_DIR)/usr/lib/swift-5.0/$(PLATFORM_NAME)\"",
					"\"$(inherited)\"",
				);
				MTL_ENABLE_DEBUG_INFO = NO;
				SDKROOT = iphoneos;
				VALIDATE_PRODUCT = YES;
			};
			name = Release;
		};
/* End XCBuildConfiguration section */

/* Begin XCConfigurationList section */
		00E357021AD99517003FC87E /* Build configuration list for PBXNativeTarget "MessengerTests" */ = {
			isa = XCConfigurationList;
			buildConfigurations = (
				00E356F61AD99517003FC87E /* Debug */,
				00E356F71AD99517003FC87E /* Release */,
			);
			defaultConfigurationIsVisible = 0;
			defaultConfigurationName = Release;
		};
		13B07F931A680F5B00A75B9A /* Build configuration list for PBXNativeTarget "Messenger" */ = {
			isa = XCConfigurationList;
			buildConfigurations = (
				13B07F941A680F5B00A75B9A /* Debug */,
				13B07F951A680F5B00A75B9A /* Release */,
			);
			defaultConfigurationIsVisible = 0;
			defaultConfigurationName = Release;
		};
		83CBB9FA1A601CBA00E9B192 /* Build configuration list for PBXProject "Messenger" */ = {
			isa = XCConfigurationList;
			buildConfigurations = (
				83CBBA201A601CBA00E9B192 /* Debug */,
				83CBBA211A601CBA00E9B192 /* Release */,
			);
			defaultConfigurationIsVisible = 0;
			defaultConfigurationName = Release;
		};
/* End XCConfigurationList section */
	};
	rootObject = 83CBB9F71A601CBA00E9B192 /* Project object */;
}
